schema: 1
python: "3.12"
gpu_stack:
  pytorch: "2.13.0+cu130"
  cuda_runtime: "13.0"
  triton: "3.7.1"
  transformers: "5.14.1"
vllm:
  upstream_release: "0.26.0"
  upstream_commit: "9c22668436a4d94aab87ea74a220e060415cf1d8"
  fork_repository: "/media/ross/8TB/linkst/freechat/vllm-fork.git"
  fork_branch: "freechat-agent-aware"
  fork_commit: "1c191f8632f1bfdd57d5e1de3b749b60f824f98a"
  worker_image_digest: "UNRESOLVED"
infrastructure:
  etcd_image: "quay.io/coreos/etcd:v3.6.5@sha256:3397341272b9e0a6f44d7e3fc7c321c6efe6cbe82ce866b9b01d0c704bfc5bf3"
  nats_image: "nats:2.14.6-alpine@sha256:ad7a43eb7e3337c3c38ce5d784d1461791f95f730f252d2b25eee699752a0ca3"
  minio_image: "quay.io/minio/minio:RELEASE.2025-09-07T16-13-09Z@sha256:14cea493d9a34af32f524e538b8346cf79f3321eff8e708c1e2960462bd8936e"
  otel_collector_image: "ghcr.io/open-telemetry/opentelemetry-collector-releases/opentelemetry-collector-contrib:0.136.0@sha256:45392d534c1edcc809c2d112394029246bc679d2ae5ea7081414a1fc74f2c621"
  control_image_base: "ghcr.io/astral-sh/uv:python3.12-bookworm-slim@sha256:e5b65587bce7de595f299855d7385fe7fca39b8a74baa261ba1b7147afa78e58"
  web_build_image: "node:22-bookworm-slim@sha256:83f487e0a63425e5b4d146fb5e5be574bcbe1b7b843d3ebafdd95eaf7767a7e5"
  web_runtime_image: "nginxinc/nginx-unprivileged:mainline-alpine@sha256:d9083fe47768377ef55dedafd67d4da7c2f2bc2bece7554954f29359deb0dce9"
policy:
  unresolved_values_block_release: true
  floating_container_tags_forbidden: true
